{
  "name": "mandated-vault-rebalancer",
  "version": "0.1.0",
  "lockfileVersion": 3,
  "requires": true,
  "packages": {
    "": {
      "name": "mandated-vault-rebalancer",
      "version": "0.1.0",
      "license": "MIT",
      "bin": {
        "mandated-vault-rebalancer": "bin/mandated-vault-rebalancer.js",
        "mvr": "bin/mandated-vault-rebalancer.js"
      },
      "engines": {
        "node": ">=20"
      }
    }
  }
}
